
Microsoft Visual Studio Solution File, Format Version 12.00
# Visual Studio 2012
Project("{FAE04EC0-301F-11D3-BF4B-00C04F79EFBC}") = "OnlineRadio.Core", "OnlineRadio.Core\OnlineRadio.Core.csproj", "{5CBFAA75-D27E-45CE-9063-793DED2225C6}"
EndProject
Project("{FAE04EC0-301F-11D3-BF4B-00C04F79EFBC}") = "OnlineRadio.CommandLine", "OnlineRadio.CommandLine\OnlineRadio.CommandLine.csproj", "{FE9C6360-0731-47D2-9342-8491FB14BCD7}"
	ProjectSection(ProjectDependencies) = postProject
		{5CBFAA75-D27E-45CE-9063-793DED2225C6} = {5CBFAA75-D27E-45CE-9063-793DED2225C6}
	EndProjectSection
EndProject
Project("{FAE04EC0-301F-11D3-BF4B-00C04F79EFBC}") = "OnlineRadio.Plugins.WLM", "OnlineRadio.Plugins.WLM\OnlineRadio.Plugins.WLM.csproj", "{A1A3B319-09D3-41E7-ADC6-E83A8F985E2A}"
EndProject
Project("{FAE04EC0-301F-11D3-BF4B-00C04F79EFBC}") = "OnlineRadio.Plugins.Lyrics", "OnlineRadio.Plugins.Lyrics\OnlineRadio.Plugins.Lyrics.csproj", "{A2B76606-7234-4F98-A9E2-41A5AAB4D336}"
EndProject
Project("{FAE04EC0-301F-11D3-BF4B-00C04F79EFBC}") = "OnlineRadio.Plugins.Audio", "OnlineRadio.Plugins.Audio\OnlineRadio.Plugins.Audio.csproj", "{810E32CA-D344-48BA-BFF2-ED89C46FDC66}"
EndProject
Project("{FAE04EC0-301F-11D3-BF4B-00C04F79EFBC}") = "OnlineRadio.Plugins.Skype", "OnlineRadio.Plugins.Skype\OnlineRadio.Plugins.Skype.csproj", "{48F48CFC-55BD-4652-A0ED-DAC05C0C75C6}"
EndProject
Project("{FAE04EC0-301F-11D3-BF4B-00C04F79EFBC}") = "OnlineRadio.GUI", "OnlineRadio.GUI\OnlineRadio.GUI.csproj", "{68EF0C27-7FB5-42B8-A333-91182C7ADC60}"
	ProjectSection(ProjectDependencies) = postProject
		{5CBFAA75-D27E-45CE-9063-793DED2225C6} = {5CBFAA75-D27E-45CE-9063-793DED2225C6}
	EndProjectSection
EndProject
Global
	GlobalSection(SolutionConfigurationPlatforms) = preSolution
		Debug|Any CPU = Debug|Any CPU
		Debug|Mixed Platforms = Debug|Mixed Platforms
		Debug|x86 = Debug|x86
		Release|Any CPU = Release|Any CPU
		Release|Mixed Platforms = Release|Mixed Platforms
		Release|x86 = Release|x86
	EndGlobalSection
	GlobalSection(ProjectConfigurationPlatforms) = postSolution
		{5CBFAA75-D27E-45CE-9063-793DED2225C6}.Debug|Any CPU.ActiveCfg = Debug|Any CPU
		{5CBFAA75-D27E-45CE-9063-793DED2225C6}.Debug|Any CPU.Build.0 = Debug|Any CPU
		{5CBFAA75-D27E-45CE-9063-793DED2225C6}.Debug|Mixed Platforms.ActiveCfg = Debug|Any CPU
		{5CBFAA75-D27E-45CE-9063-793DED2225C6}.Debug|Mixed Platforms.Build.0 = Debug|Any CPU
		{5CBFAA75-D27E-45CE-9063-793DED2225C6}.Debug|x86.ActiveCfg = Debug|Any CPU
		{5CBFAA75-D27E-45CE-9063-793DED2225C6}.Release|Any CPU.ActiveCfg = Release|Any CPU
		{5CBFAA75-D27E-45CE-9063-793DED2225C6}.Release|Any CPU.Build.0 = Release|Any CPU
		{5CBFAA75-D27E-45CE-9063-793DED2225C6}.Release|Mixed Platforms.ActiveCfg = Release|Any CPU
		{5CBFAA75-D27E-45CE-9063-793DED2225C6}.Release|Mixed Platforms.Build.0 = Release|Any CPU
		{5CBFAA75-D27E-45CE-9063-793DED2225C6}.Release|x86.ActiveCfg = Release|Any CPU
		{FE9C6360-0731-47D2-9342-8491FB14BCD7}.Debug|Any CPU.ActiveCfg = Debug|x86
		{FE9C6360-0731-47D2-9342-8491FB14BCD7}.Debug|Mixed Platforms.ActiveCfg = Debug|x86
		{FE9C6360-0731-47D2-9342-8491FB14BCD7}.Debug|Mixed Platforms.Build.0 = Debug|x86
		{FE9C6360-0731-47D2-9342-8491FB14BCD7}.Debug|x86.ActiveCfg = Debug|x86
		{FE9C6360-0731-47D2-9342-8491FB14BCD7}.Debug|x86.Build.0 = Debug|x86
		{FE9C6360-0731-47D2-9342-8491FB14BCD7}.Release|Any CPU.ActiveCfg = Release|x86
		{FE9C6360-0731-47D2-9342-8491FB14BCD7}.Release|Mixed Platforms.ActiveCfg = Release|x86
		{FE9C6360-0731-47D2-9342-8491FB14BCD7}.Release|Mixed Platforms.Build.0 = Release|x86
		{FE9C6360-0731-47D2-9342-8491FB14BCD7}.Release|x86.ActiveCfg = Release|x86
		{FE9C6360-0731-47D2-9342-8491FB14BCD7}.Release|x86.Build.0 = Release|x86
		{A1A3B319-09D3-41E7-ADC6-E83A8F985E2A}.Debug|Any CPU.ActiveCfg = Debug|Any CPU
		{A1A3B319-09D3-41E7-ADC6-E83A8F985E2A}.Debug|Any CPU.Build.0 = Debug|Any CPU
		{A1A3B319-09D3-41E7-ADC6-E83A8F985E2A}.Debug|Mixed Platforms.ActiveCfg = Debug|Any CPU
		{A1A3B319-09D3-41E7-ADC6-E83A8F985E2A}.Debug|Mixed Platforms.Build.0 = Debug|Any CPU
		{A1A3B319-09D3-41E7-ADC6-E83A8F985E2A}.Debug|x86.ActiveCfg = Debug|Any CPU
		{A1A3B319-09D3-41E7-ADC6-E83A8F985E2A}.Release|Any CPU.ActiveCfg = Release|Any CPU
		{A1A3B319-09D3-41E7-ADC6-E83A8F985E2A}.Release|Any CPU.Build.0 = Release|Any CPU
		{A1A3B319-09D3-41E7-ADC6-E83A8F985E2A}.Release|Mixed Platforms.ActiveCfg = Release|Any CPU
		{A1A3B319-09D3-41E7-ADC6-E83A8F985E2A}.Release|Mixed Platforms.Build.0 = Release|Any CPU
		{A1A3B319-09D3-41E7-ADC6-E83A8F985E2A}.Release|x86.ActiveCfg = Release|Any CPU
		{A2B76606-7234-4F98-A9E2-41A5AAB4D336}.Debug|Any CPU.ActiveCfg = Debug|Any CPU
		{A2B76606-7234-4F98-A9E2-41A5AAB4D336}.Debug|Any CPU.Build.0 = Debug|Any CPU
		{A2B76606-7234-4F98-A9E2-41A5AAB4D336}.Debug|Mixed Platforms.ActiveCfg = Debug|Any CPU
		{A2B76606-7234-4F98-A9E2-41A5AAB4D336}.Debug|Mixed Platforms.Build.0 = Debug|Any CPU
		{A2B76606-7234-4F98-A9E2-41A5AAB4D336}.Debug|x86.ActiveCfg = Debug|Any CPU
		{A2B76606-7234-4F98-A9E2-41A5AAB4D336}.Release|Any CPU.ActiveCfg = Release|Any CPU
		{A2B76606-7234-4F98-A9E2-41A5AAB4D336}.Release|Any CPU.Build.0 = Release|Any CPU
		{A2B76606-7234-4F98-A9E2-41A5AAB4D336}.Release|Mixed Platforms.ActiveCfg = Release|Any CPU
		{A2B76606-7234-4F98-A9E2-41A5AAB4D336}.Release|Mixed Platforms.Build.0 = Release|Any CPU
		{A2B76606-7234-4F98-A9E2-41A5AAB4D336}.Release|x86.ActiveCfg = Release|Any CPU
		{810E32CA-D344-48BA-BFF2-ED89C46FDC66}.Debug|Any CPU.ActiveCfg = Debug|Any CPU
		{810E32CA-D344-48BA-BFF2-ED89C46FDC66}.Debug|Any CPU.Build.0 = Debug|Any CPU
		{810E32CA-D344-48BA-BFF2-ED89C46FDC66}.Debug|Mixed Platforms.ActiveCfg = Debug|Any CPU
		{810E32CA-D344-48BA-BFF2-ED89C46FDC66}.Debug|Mixed Platforms.Build.0 = Debug|Any CPU
		{810E32CA-D344-48BA-BFF2-ED89C46FDC66}.Debug|x86.ActiveCfg = Debug|Any CPU
		{810E32CA-D344-48BA-BFF2-ED89C46FDC66}.Release|Any CPU.ActiveCfg = Release|Any CPU
		{810E32CA-D344-48BA-BFF2-ED89C46FDC66}.Release|Any CPU.Build.0 = Release|Any CPU
		{810E32CA-D344-48BA-BFF2-ED89C46FDC66}.Release|Mixed Platforms.ActiveCfg = Release|Any CPU
		{810E32CA-D344-48BA-BFF2-ED89C46FDC66}.Release|Mixed Platforms.Build.0 = Release|Any CPU
		{810E32CA-D344-48BA-BFF2-ED89C46FDC66}.Release|x86.ActiveCfg = Release|Any CPU
		{48F48CFC-55BD-4652-A0ED-DAC05C0C75C6}.Debug|Any CPU.ActiveCfg = Debug|Any CPU
		{48F48CFC-55BD-4652-A0ED-DAC05C0C75C6}.Debug|Any CPU.Build.0 = Debug|Any CPU
		{48F48CFC-55BD-4652-A0ED-DAC05C0C75C6}.Debug|Mixed Platforms.ActiveCfg = Debug|Any CPU
		{48F48CFC-55BD-4652-A0ED-DAC05C0C75C6}.Debug|Mixed Platforms.Build.0 = Debug|Any CPU
		{48F48CFC-55BD-4652-A0ED-DAC05C0C75C6}.Debug|x86.ActiveCfg = Debug|Any CPU
		{48F48CFC-55BD-4652-A0ED-DAC05C0C75C6}.Release|Any CPU.ActiveCfg = Release|Any CPU
		{48F48CFC-55BD-4652-A0ED-DAC05C0C75C6}.Release|Any CPU.Build.0 = Release|Any CPU
		{48F48CFC-55BD-4652-A0ED-DAC05C0C75C6}.Release|Mixed Platforms.ActiveCfg = Release|Any CPU
		{48F48CFC-55BD-4652-A0ED-DAC05C0C75C6}.Release|Mixed Platforms.Build.0 = Release|Any CPU
		{48F48CFC-55BD-4652-A0ED-DAC05C0C75C6}.Release|x86.ActiveCfg = Release|Any CPU
		{68EF0C27-7FB5-42B8-A333-91182C7ADC60}.Debug|Any CPU.ActiveCfg = Debug|Any CPU
		{68EF0C27-7FB5-42B8-A333-91182C7ADC60}.Debug|Any CPU.Build.0 = Debug|Any CPU
		{68EF0C27-7FB5-42B8-A333-91182C7ADC60}.Debug|Mixed Platforms.ActiveCfg = Debug|Any CPU
		{68EF0C27-7FB5-42B8-A333-91182C7ADC60}.Debug|Mixed Platforms.Build.0 = Debug|Any CPU
		{68EF0C27-7FB5-42B8-A333-91182C7ADC60}.Debug|x86.ActiveCfg = Debug|Any CPU
		{68EF0C27-7FB5-42B8-A333-91182C7ADC60}.Release|Any CPU.ActiveCfg = Release|Any CPU
		{68EF0C27-7FB5-42B8-A333-91182C7ADC60}.Release|Any CPU.Build.0 = Release|Any CPU
		{68EF0C27-7FB5-42B8-A333-91182C7ADC60}.Release|Mixed Platforms.ActiveCfg = Release|Any CPU
		{68EF0C27-7FB5-42B8-A333-91182C7ADC60}.Release|Mixed Platforms.Build.0 = Release|Any CPU
		{68EF0C27-7FB5-42B8-A333-91182C7ADC60}.Release|x86.ActiveCfg = Release|Any CPU
	EndGlobalSection
	GlobalSection(SolutionProperties) = preSolution
		HideSolutionNode = FALSE
	EndGlobalSection
EndGlobal
